
Microsoft Visual Studio Solution File, Format Version 12.00
Project("{FAE04EC0-301F-11D3-BF4B-00C04F79EFBC}") = "Lcb.Web", "Lcb.Web\Lcb.Web.csproj", "{B864FCB4-0DFD-4A1B-B93D-B2930E7FF854}"
EndProject
Project("{2150E333-8FDC-42A3-9474-1A3956D46DE8}") = "BuildConfig", "BuildConfig", "{91EDC28F-6BDF-4855-999C-8418EB31CE51}"
	ProjectSection(SolutionItems) = preProject
		docker-compose.yml = docker-compose.yml
	EndProjectSection
EndProject
Global
	GlobalSection(SolutionConfigurationPlatforms) = preSolution
		Debug|Any CPU = Debug|Any CPU
		Release|Any CPU = Release|Any CPU
	EndGlobalSection
	GlobalSection(ProjectConfigurationPlatforms) = postSolution
		{B864FCB4-0DFD-4A1B-B93D-B2930E7FF854}.Debug|Any CPU.ActiveCfg = Debug|Any CPU
		{B864FCB4-0DFD-4A1B-B93D-B2930E7FF854}.Debug|Any CPU.Build.0 = Debug|Any CPU
		{B864FCB4-0DFD-4A1B-B93D-B2930E7FF854}.Release|Any CPU.ActiveCfg = Release|Any CPU
		{B864FCB4-0DFD-4A1B-B93D-B2930E7FF854}.Release|Any CPU.Build.0 = Release|Any CPU
	EndGlobalSection
EndGlobal
